{
    "_meta": {
        "hash": {
            "sha256": "25960bb982b18af0e67422cf0d038d5149f9afabb30f180e6b8b633d6da2fc38"
        },
        "pipfile-spec": 6,
        "requires": {
            "python_version": "3.6"
        },
        "sources": [
            {
                "name": "pypi",
                "url": "https://pypi.org/simple",
                "verify_ssl": true
            }
        ]
    },
    "default": {
        "certifi": {
            "hashes": [
                "sha256:13e698f54293db9f89122b0581843a782ad0934a4fe0172d2a980ba77fc61bb7",
                "sha256:9fa520c1bacfb634fa7af20a76bcbd3d5fb390481724c597da32c719a7dca4b0"
            ],
            "version": "==2018.4.16"
        },
        "chardet": {
            "hashes": [
                "sha256:84ab92ed1c4d4f16916e05906b6b75a6c0fb5db821cc65e70cbd64a3e2a5eaae",
                "sha256:fc323ffcaeaed0e0a02bf4d117757b98aed530d9ed4531e3e15460124c106691"
            ],
            "version": "==3.0.4"
        },
        "click": {
            "hashes": [
                "sha256:29f99fc6125fbc931b758dc053b3114e55c77a6e4c6c3a2674a2dc986016381d",
                "sha256:f15516df478d5a56180fbf80e68f206010e6d160fc39fa508b65e035fd75130b"
            ],
            "version": "==6.7"
        },
        "flask": {
            "hashes": [
                "sha256:2271c0070dbcb5275fad4a82e29f23ab92682dc45f9dfbc22c02ba9b9322ce48",
                "sha256:a080b744b7e345ccfcbc77954861cb05b3c63786e93f2b3875e0913d44b43f05"
            ],
            "version": "==1.0.2"
        },
        "flask-basicauth": {
            "hashes": [
                "sha256:df5ebd489dc0914c224419da059d991eb72988a01cdd4b956d52932ce7d501ff"
            ],
            "index": "pypi",
            "version": "==0.2.0"
        },
        "flask-cors": {
            "hashes": [
                "sha256:e4c8fc15d3e4b4cce6d3b325f2bab91e0e09811a61f50d7a53493bc44242a4f1",
                "sha256:ecc016c5b32fa5da813ec8d272941cfddf5f6bba9060c405a70285415cbf24c9"
            ],
            "index": "pypi",
            "version": "==3.0.6"
        },
        "gspread": {
            "hashes": [
                "sha256:1cc06b22c6a1b6726925defcd41c19ce6cd5ab939252e72759bdf0353e36f552",
                "sha256:d378dfcea467c0ae56b49ec223169b887e52ce25f3bafa33853b473401d92e7f"
            ],
            "index": "pypi",
            "version": "==3.0.1"
        },
        "httplib2": {
            "hashes": [
                "sha256:e71daed9a0e6373642db61166fa70beecc9bf04383477f84671348c02a04cbdf"
            ],
            "version": "==0.11.3"
        },
        "idna": {
            "hashes": [
                "sha256:156a6814fb5ac1fc6850fb002e0852d56c0c8d2531923a51032d1b70760e186e",
                "sha256:684a38a6f903c1d71d6d5fac066b58d7768af4de2b832e426ec79c30daa94a16"
            ],
            "version": "==2.7"
        },
        "itsdangerous": {
            "hashes": [
                "sha256:cbb3fcf8d3e33df861709ecaf89d9e6629cff0a217bc2848f1b41cd30d360519"
            ],
            "version": "==0.24"
        },
        "jinja2": {
            "hashes": [
                "sha256:74c935a1b8bb9a3947c50a54766a969d4846290e1e788ea44c1392163723c3bd",
                "sha256:f84be1bb0040caca4cea721fcbbbbd61f9be9464ca236387158b0feea01914a4"
            ],
            "version": "==2.10"
        },
        "markupsafe": {
            "hashes": [
                "sha256:a6be69091dac236ea9c6bc7d012beab42010fa914c459791d627dad4910eb665"
            ],
            "version": "==1.0"
        },
        "oauth2client": {
            "hashes": [
                "sha256:bd3062c06f8b10c6ef7a890b22c2740e5f87d61b6e1f4b1c90d069cdfc9dadb5",
                "sha256:cf061f52f75e91d489bf5c276498f8af2655fe331b454f10022441513cf445a6"
            ],
            "index": "pypi",
            "version": "==4.1.2"
        },
        "pyasn1": {
            "hashes": [
                "sha256:24f21b4fd2dc2b344dee2205fa3930464aa21292216d3d6e39007a2e059e21af",
                "sha256:2f57960dc7a2820ea5a1782b872d974b639aa3b448ac6628d1ecc5d0fe3986f2",
                "sha256:3651774ca1c9726307560792877db747ba5e8a844ea1a41feb7670b319800ab3",
                "sha256:602fda674355b4701acd7741b2be5ac188056594bf1eecf690816d944e52905e",
                "sha256:8fb265066eac1d3bb5015c6988981b009ccefd294008ff7973ed5f64335b0f2d",
                "sha256:9334cb427609d2b1e195bb1e251f99636f817d7e3e1dffa150cb3365188fb992",
                "sha256:9a15cc13ff6bf5ed29ac936ca941400be050dff19630d6cd1df3fb978ef4c5ad",
                "sha256:a66dcda18dbf6e4663bde70eb30af3fc4fe1acb2d14c4867a861681887a5f9a2",
                "sha256:ba77f1e8d7d58abc42bfeddd217b545fdab4c1eeb50fd37c2219810ad56303bf",
                "sha256:cdc8eb2eaafb56de66786afa6809cd9db2df1b3b595dcb25aa5b9dc61189d40a",
                "sha256:d01fbba900c80b42af5c3fe1a999acf61e27bf0e452e0f1ef4619065e57622da",
                "sha256:f281bf11fe204f05859225ec2e9da7a7c140b65deccd8a4eb0bc75d0bd6949e0",
                "sha256:fb81622d8f3509f0026b0683fe90fea27be7284d3826a5f2edf97f69151ab0fc"
            ],
            "version": "==0.4.3"
        },
        "pyasn1-modules": {
            "hashes": [
                "sha256:077250b34432520430bc1c80dcbda4e354090785567c33ded35faa6df8d24753",
                "sha256:0da2f947e8ad2697e86fe5fd0e55a4093a2fd79d839c9e19c34e28097db7002c",
                "sha256:35ff894a0b5df8e28b700126b2869c7dcfb2b2db5bc82e5d5e82547069241553",
                "sha256:44688b94841349648b1e1a5a7a3d96e6596d5d4f21d0b59a82307e153c4dc74b",
                "sha256:833716dde880a7f2f2ccdeea9a096842626981ff2a477d8b318c0906367ac11b",
                "sha256:a0cf3e1842e7c60fde97cb22d275eb6f9524f5c5250489e292529de841417547",
                "sha256:a38a8811ea784c0136abfdba73963876328f66172db21a05a82f9515909bfb4e",
                "sha256:a728bb9502d1fdc104c66f24a176b6a70a32e89d1d8a5b55c959233ed51c67be",
                "sha256:c30a098435ea0989c37005a971843e9d3966c7f6d056ddbf052e5061c06e3291",
                "sha256:c355a45b32c5bc1d9893eceb704b0cfcd1126f91b5a7b9ee64c1c05383283381",
                "sha256:e64679de1940f41ead5170fce364d54e7b9e2e862f064727b6bcb5cee753b7a2",
                "sha256:ed71d20225c356881c29f0b1d7a0d6521563a389d9478e8f95d798cc5ba07b88",
                "sha256:f183f0940b9f5ed2ad9d04c80cab2451440fa9af4fc959d85113fadd2e777962"
            ],
            "version": "==0.2.2"
        },
        "requests": {
            "hashes": [
                "sha256:63b52e3c866428a224f97cab011de738c36aec0185aa91cfacd418b5d58911d1",
                "sha256:ec22d826a36ed72a7358ff3fe56cbd4ba69dd7a6718ffd450ff0e9df7a47ce6a"
            ],
            "index": "pypi",
            "version": "==2.19.1"
        },
        "rsa": {
            "hashes": [
                "sha256:25df4e10c263fb88b5ace923dd84bf9aa7f5019687b5e55382ffcdb8bede9db5",
                "sha256:43f682fea81c452c98d09fc316aae12de6d30c4b5c84226642cf8f8fd1c93abd"
            ],
            "version": "==3.4.2"
        },
        "six": {
            "hashes": [
                "sha256:70e8a77beed4562e7f14fe23a786b54f6296e34344c23bc42f07b15018ff98e9",
                "sha256:832dc0e10feb1aa2c68dcc57dbb658f1c7e65b9b61af69048abc87a2db00a0eb"
            ],
            "version": "==1.11.0"
        },
        "urllib3": {
            "hashes": [
                "sha256:a68ac5e15e76e7e5dd2b8f94007233e01effe3e50e8daddf69acfd81cb686baf",
                "sha256:b5725a0bd4ba422ab0e66e89e030c806576753ea3ee08554382c14e685d117b5"
            ],
            "version": "==1.23"
        },
        "werkzeug": {
            "hashes": [
                "sha256:c3fd7a7d41976d9f44db327260e263132466836cef6f91512889ed60ad26557c",
                "sha256:d5da73735293558eb1651ee2fddc4d0dedcfa06538b8813a2e20011583c9e49b"
            ],
            "version": "==0.14.1"
        }
    },
    "develop": {}
}
